
Microsoft Visual Studio Solution File, Format Version 12.00
# Visual Studio 15
VisualStudioVersion = 15.0.27004.2006
MinimumVisualStudioVersion = 10.0.40219.1
Project("{FAE04EC0-301F-11D3-BF4B-00C04F79EFBC}") = "BinarySearchTree", "Binary Search Tree\BinarySearchTree.csproj", "{DEFD106D-73C6-49F1-8DAB-FFC1F9A1B14A}"
EndProject
Project("{FAE04EC0-301F-11D3-BF4B-00C04F79EFBC}") = "BinaryForest.Tests", "BinaryForest.Tests\BinaryForest.Tests.csproj", "{03056510-63B4-4EDE-AFD0-5FD525F29400}"
EndProject
Global
	GlobalSection(SolutionConfigurationPlatforms) = preSolution
		Debug|Any CPU = Debug|Any CPU
		Release|Any CPU = Release|Any CPU
	EndGlobalSection
	GlobalSection(ProjectConfigurationPlatforms) = postSolution
		{DEFD106D-73C6-49F1-8DAB-FFC1F9A1B14A}.Debug|Any CPU.ActiveCfg = Debug|Any CPU
		{DEFD106D-73C6-49F1-8DAB-FFC1F9A1B14A}.Debug|Any CPU.Build.0 = Debug|Any CPU
		{DEFD106D-73C6-49F1-8DAB-FFC1F9A1B14A}.Release|Any CPU.ActiveCfg = Release|Any CPU
		{DEFD106D-73C6-49F1-8DAB-FFC1F9A1B14A}.Release|Any CPU.Build.0 = Release|Any CPU
		{03056510-63B4-4EDE-AFD0-5FD525F29400}.Debug|Any CPU.ActiveCfg = Debug|Any CPU
		{03056510-63B4-4EDE-AFD0-5FD525F29400}.Debug|Any CPU.Build.0 = Debug|Any CPU
		{03056510-63B4-4EDE-AFD0-5FD525F29400}.Release|Any CPU.ActiveCfg = Release|Any CPU
		{03056510-63B4-4EDE-AFD0-5FD525F29400}.Release|Any CPU.Build.0 = Release|Any CPU
	EndGlobalSection
	GlobalSection(SolutionProperties) = preSolution
		HideSolutionNode = FALSE
	EndGlobalSection
	GlobalSection(ExtensibilityGlobals) = postSolution
		SolutionGuid = {545F0B5F-3AC9-48B4-B267-849FBFDD339D}
	EndGlobalSection
EndGlobal
